{
    "name": "@astrojs/compiler",
    "version": "0.1.0-canary.34",
    "lockfileVersion": 1,
    "requires": true,
    "dependencies": {
        "@types/node": {
            "version": "16.9.1",
            "resolved": "https://registry.npmjs.org/@types/node/-/node-16.9.1.tgz",
            "integrity": "sha512-QpLcX9ZSsq3YYUUnD3nFDY8H7wctAhQj/TFKL8Ya8v5fMm3CFXxo8zStsLAl780ltoYoo1WvKUVGBQK+1ifr7g==",
            "dev": true
        },
        "fs-monkey": {
            "version": "1.0.3",
            "resolved": "https://registry.npmjs.org/fs-monkey/-/fs-monkey-1.0.3.tgz",
            "integrity": "sha512-cybjIfiiE+pTWicSCLFHSrXZ6EilF30oh91FDP9S2B051prEa7QWfrVTQm10/dDpswBDXZugPa1Ogu8Yh+HV0Q=="
        },
        "memfs": {
            "version": "3.2.4",
            "resolved": "https://registry.npmjs.org/memfs/-/memfs-3.2.4.tgz",
            "integrity": "sha512-2mDCPhuduRPOxlfgsXF9V+uqC6Jgz8zt/bNe4d4W7d5f6pCzHrWkxLNr17jKGXd4+j2kQNsAG2HARPnt74sqVQ==",
            "requires": {
                "fs-monkey": "1.0.3"
            }
        },
        "typescript": {
            "version": "4.4.3",
            "resolved": "https://registry.npmjs.org/typescript/-/typescript-4.4.3.tgz",
            "integrity": "sha512-4xfscpisVgqqDfPaJo5vkd+Qd/ItkoagnHpufr+i2QCHBsNYp+G7UAoyFl8aPtx879u38wPV65rZ8qbGZijalA=="
        }
    }
}
