{
  "name": "@astrojs/compiler",
  "version": "0.1.1",
  "lockfileVersion": 2,
  "requires": true,
  "packages": {
    "": {
      "name": "@astrojs/compiler",
      "version": "0.1.1",
      "dependencies": {
        "typescript": "^4.3.5"
      },
      "devDependencies": {
        "@types/node": "^16.4.12"
      }
    },
    "node_modules/@types/node": {
      "version": "16.4.12",
      "resolved": "https://registry.npmjs.org/@types/node/-/node-16.4.12.tgz",
      "integrity": "sha512-zxrTNFl9Z8boMJXs6ieqZP0wAhvkdzmHSxTlJabM16cf5G9xBc1uPRH5Bbv2omEDDiM8MzTfqTJXBf0Ba4xFWA==",
      "dev": true
    },
    "node_modules/typescript": {
      "version": "4.3.5",
      "resolved": "https://registry.npmjs.org/typescript/-/typescript-4.3.5.tgz",
      "integrity": "sha512-DqQgihaQ9cUrskJo9kIyW/+g0Vxsk8cDtZ52a3NGh0YNTfpUSArXSohyUGnvbPazEPLu398C0UxmKSOrPumUzA==",
      "bin": {
        "tsc": "bin/tsc",
        "tsserver": "bin/tsserver"
      },
      "engines": {
        "node": ">=4.2.0"
      }
    }
  },
  "dependencies": {
    "@types/node": {
      "version": "16.4.12",
      "resolved": "https://registry.npmjs.org/@types/node/-/node-16.4.12.tgz",
      "integrity": "sha512-zxrTNFl9Z8boMJXs6ieqZP0wAhvkdzmHSxTlJabM16cf5G9xBc1uPRH5Bbv2omEDDiM8MzTfqTJXBf0Ba4xFWA==",
      "dev": true
    },
    "typescript": {
      "version": "4.3.5",
      "resolved": "https://registry.npmjs.org/typescript/-/typescript-4.3.5.tgz",
      "integrity": "sha512-DqQgihaQ9cUrskJo9kIyW/+g0Vxsk8cDtZ52a3NGh0YNTfpUSArXSohyUGnvbPazEPLu398C0UxmKSOrPumUzA=="
    }
  }
}
